// !$*UTF8*$!
{
	archiveVersion = 1;
	classes = {
	};
	objectVersion = 48;
	objects = {

/* Begin PBXBuildFile section */
		848F43D41F52925A001A3063 /* AppDelegate.swift in Sources */ = {isa = PBXBuildFile; fileRef = 848F43D31F52925A001A3063 /* AppDelegate.swift */; };
		848F43D61F52925A001A3063 /* ViewController.swift in Sources */ = {isa = PBXBuildFile; fileRef = 848F43D51F52925A001A3063 /* ViewController.swift */; };
		848F43D91F52925A001A3063 /* Main.storyboard in Resources */ = {isa = PBXBuildFile; fileRef = 848F43D71F52925A001A3063 /* Main.storyboard */; };
		848F43DB1F52925A001A3063 /* Assets.xcassets in Resources */ = {isa = PBXBuildFile; fileRef = 848F43DA1F52925A001A3063 /* Assets.xcassets */; };
		848F43DE1F52925A001A3063 /* LaunchScreen.storyboard in Resources */ = {isa = PBXBuildFile; fileRef = 848F43DC1F52925A001A3063 /* LaunchScreen.storyboard */; };
		848F43E81F52958B001A3063 /* RxSwift.framework in Frameworks */ = {isa = PBXBuildFile; fileRef = 848F43E71F52958B001A3063 /* RxSwift.framework */; };
		848F43EA1F52958D001A3063 /* RxCocoa.framework in Frameworks */ = {isa = PBXBuildFile; fileRef = 848F43E91F52958D001A3063 /* RxCocoa.framework */; };
		848F43EC1F52958F001A3063 /* RxBlocking.framework in Frameworks */ = {isa = PBXBuildFile; fileRef = 848F43EB1F52958F001A3063 /* RxBlocking.framework */; };
/* End PBXBuildFile section */

/* Begin PBXFileReference section */
		848F43D01F52925A001A3063 /* Rx.app */ = {isa = PBXFileReference; explicitFileType = wrapper.application; includeInIndex = 0; path = Rx.app; sourceTree = BUILT_PRODUCTS_DIR; };
		848F43D31F52925A001A3063 /* AppDelegate.swift */ = {isa = PBXFileReference; lastKnownFileType = sourcecode.swift; path = AppDelegate.swift; sourceTree = "<group>"; };
		848F43D51F52925A001A3063 /* ViewController.swift */ = {isa = PBXFileReference; lastKnownFileType = sourcecode.swift; path = ViewController.swift; sourceTree = "<group>"; };
		848F43D81F52925A001A3063 /* Base */ = {isa = PBXFileReference; lastKnownFileType = file.storyboard; name = Base; path = Base.lproj/Main.storyboard; sourceTree = "<group>"; };
		848F43DA1F52925A001A3063 /* Assets.xcassets */ = {isa = PBXFileReference; lastKnownFileType = folder.assetcatalog; path = Assets.xcassets; sourceTree = "<group>"; };
		848F43DD1F52925A001A3063 /* Base */ = {isa = PBXFileReference; lastKnownFileType = file.storyboard; name = Base; path = Base.lproj/LaunchScreen.storyboard; sourceTree = "<group>"; };
		848F43DF1F52925A001A3063 /* Info.plist */ = {isa = PBXFileReference; lastKnownFileType = text.plist.xml; path = Info.plist; sourceTree = "<group>"; };
		848F43E71F52958B001A3063 /* RxSwift.framework */ = {isa = PBXFileReference; lastKnownFileType = wrapper.framework; name = RxSwift.framework; path = ../Carthage/Build/iOS/RxSwift.framework; sourceTree = "<group>"; };
		848F43E91F52958D001A3063 /* RxCocoa.framework */ = {isa = PBXFileReference; lastKnownFileType = wrapper.framework; name = RxCocoa.framework; path = ../Carthage/Build/iOS/RxCocoa.framework; sourceTree = "<group>"; };
		848F43EB1F52958F001A3063 /* RxBlocking.framework */ = {isa = PBXFileReference; lastKnownFileType = wrapper.framework; name = RxBlocking.framework; path = ../Carthage/Build/iOS/RxBlocking.framework; sourceTree = "<group>"; };
/* End PBXFileReference section */

/* Begin PBXFrameworksBuildPhase section */
		848F43CD1F52925A001A3063 /* Frameworks */ = {
			isa = PBXFrameworksBuildPhase;
			buildActionMask = 2147483647;
			files = (
				848F43EA1F52958D001A3063 /* RxCocoa.framework in Frameworks */,
				848F43EC1F52958F001A3063 /* RxBlocking.framework in Frameworks */,
				848F43E81F52958B001A3063 /* RxSwift.framework in Frameworks */,
			);
			runOnlyForDeploymentPostprocessing = 0;
		};
/* End PBXFrameworksBuildPhase section */

/* Begin PBXGroup section */
		848F43C71F52925A001A3063 = {
			isa = PBXGroup;
			children = (
				848F43D21F52925A001A3063 /* Rx */,
				848F43D11F52925A001A3063 /* Products */,
				848F43E61F52958B001A3063 /* Frameworks */,
			);
			sourceTree = "<group>";
		};
		848F43D11F52925A001A3063 /* Products */ = {
			isa = PBXGroup;
			children = (
				848F43D01F52925A001A3063 /* Rx.app */,
			);
			name = Products;
			sourceTree = "<group>";
		};
		848F43D21F52925A001A3063 /* Rx */ = {
			isa = PBXGroup;
			children = (
				848F43D31F52925A001A3063 /* AppDelegate.swift */,
				848F43D51F52925A001A3063 /* ViewController.swift */,
				848F43D71F52925A001A3063 /* Main.storyboard */,
				848F43DA1F52925A001A3063 /* Assets.xcassets */,
				848F43DC1F52925A001A3063 /* LaunchScreen.storyboard */,
				848F43DF1F52925A001A3063 /* Info.plist */,
			);
			path = Rx;
			sourceTree = "<group>";
		};
		848F43E61F52958B001A3063 /* Frameworks */ = {
			isa = PBXGroup;
			children = (
				848F43EB1F52958F001A3063 /* RxBlocking.framework */,
				848F43E91F52958D001A3063 /* RxCocoa.framework */,
				848F43E71F52958B001A3063 /* RxSwift.framework */,
			);
			name = Frameworks;
			sourceTree = "<group>";
		};
/* End PBXGroup section */

/* Begin PBXNativeTarget section */
		848F43CF1F52925A001A3063 /* Rx */ = {
			isa = PBXNativeTarget;
			buildConfigurationList = 848F43E21F52925A001A3063 /* Build configuration list for PBXNativeTarget "Rx" */;
			buildPhases = (
				848F43CC1F52925A001A3063 /* Sources */,
				848F43CD1F52925A001A3063 /* Frameworks */,
				848F43CE1F52925A001A3063 /* Resources */,
			);
			buildRules = (
			);
			dependencies = (
			);
			name = Rx;
			productName = Rx;
			productReference = 848F43D01F52925A001A3063 /* Rx.app */;
			productType = "com.apple.product-type.application";
		};
/* End PBXNativeTarget section */

/* Begin PBXProject section */
		848F43C81F52925A001A3063 /* Project object */ = {
			isa = PBXProject;
			attributes = {
				LastSwiftUpdateCheck = 0900;
				LastUpgradeCheck = 0900;
				ORGANIZATIONNAME = "Nikita Ermolenko";
				TargetAttributes = {
					848F43CF1F52925A001A3063 = {
						CreatedOnToolsVersion = 9.0;
						ProvisioningStyle = Automatic;
					};
				};
			};
			buildConfigurationList = 848F43CB1F52925A001A3063 /* Build configuration list for PBXProject "Rx" */;
			compatibilityVersion = "Xcode 8.0";
			developmentRegion = en;
			hasScannedForEncodings = 0;
			knownRegions = (
				en,
				Base,
			);
			mainGroup = 848F43C71F52925A001A3063;
			productRefGroup = 848F43D11F52925A001A3063 /* Products */;
			projectDirPath = "";
			projectRoot = "";
			targets = (
				848F43CF1F52925A001A3063 /* Rx */,
			);
		};
/* End PBXProject section */

/* Begin PBXResourcesBuildPhase section */
		848F43CE1F52925A001A3063 /* Resources */ = {
			isa = PBXResourcesBuildPhase;
			buildActionMask = 2147483647;
			files = (
				848F43DE1F52925A001A3063 /* LaunchScreen.storyboard in Resources */,
				848F43DB1F52925A001A3063 /* Assets.xcassets in Resources */,
				848F43D91F52925A001A3063 /* Main.storyboard in Resources */,
			);
			runOnlyForDeploymentPostprocessing = 0;
		};
/* End PBXResourcesBuildPhase section */

/* Begin PBXSourcesBuildPhase section */
		848F43CC1F52925A001A3063 /* Sources */ = {
			isa = PBXSourcesBuildPhase;
			buildActionMask = 2147483647;
			files = (
				848F43D61F52925A001A3063 /* ViewController.swift in Sources */,
				848F43D41F52925A001A3063 /* AppDelegate.swift in Sources */,
			);
			runOnlyForDeploymentPostprocessing = 0;
		};
/* End PBXSourcesBuildPhase section */

/* Begin PBXVariantGroup section */
		848F43D71F52925A001A3063 /* Main.storyboard */ = {
			isa = PBXVariantGroup;
			children = (
				848F43D81F52925A001A3063 /* Base */,
			);
			name = Main.storyboard;
			sourceTree = "<group>";
		};
		848F43DC1F52925A001A3063 /* LaunchScreen.storyboard */ = {
			isa = PBXVariantGroup;
			children = (
				848F43DD1F52925A001A3063 /* Base */,
			);
			name = LaunchScreen.storyboard;
			sourceTree = "<group>";
		};
/* End PBXVariantGroup section */

/* Begin XCBuildConfiguration section */
		848F43E01F52925A001A3063 /* Debug */ = {
			isa = XCBuildConfiguration;
			buildSettings = {
				ALWAYS_SEARCH_USER_PATHS = NO;
				CLANG_ANALYZER_NONNULL = YES;
				CLANG_ANALYZER_NUMBER_OBJECT_CONVERSION = YES_AGGRESSIVE;
				CLANG_CXX_LANGUAGE_STANDARD = "gnu++14";
				CLANG_CXX_LIBRARY = "libc++";
				CLANG_ENABLE_MODULES = YES;
				CLANG_ENABLE_OBJC_ARC = YES;
				CLANG_WARN_BLOCK_CAPTURE_AUTORELEASING = YES;
				CLANG_WARN_BOOL_CONVERSION = YES;
				CLANG_WARN_COMMA = YES;
				CLANG_WARN_CONSTANT_CONVERSION = YES;
				CLANG_WARN_DIRECT_OBJC_ISA_USAGE = YES_ERROR;
				CLANG_WARN_DOCUMENTATION_COMMENTS = YES;
				CLANG_WARN_EMPTY_BODY = YES;
				CLANG_WARN_ENUM_CONVERSION = YES;
				CLANG_WARN_INFINITE_RECURSION = YES;
				CLANG_WARN_INT_CONVERSION = YES;
				CLANG_WARN_NON_LITERAL_NULL_CONVERSION = YES;
				CLANG_WARN_OBJC_LITERAL_CONVERSION = YES;
				CLANG_WARN_OBJC_ROOT_CLASS = YES_ERROR;
				CLANG_WARN_RANGE_LOOP_ANALYSIS = YES;
				CLANG_WARN_STRICT_PROTOTYPES = YES;
				CLANG_WARN_SUSPICIOUS_MOVE = YES;
				CLANG_WARN_UNGUARDED_AVAILABILITY = YES_AGGRESSIVE;
				CLANG_WARN_UNREACHABLE_CODE = YES;
				CLANG_WARN__DUPLICATE_METHOD_MATCH = YES;
				CODE_SIGN_IDENTITY = "iPhone Developer";
				COPY_PHASE_STRIP = NO;
				DEBUG_INFORMATION_FORMAT = dwarf;
				ENABLE_STRICT_OBJC_MSGSEND = YES;
				ENABLE_TESTABILITY = YES;
				GCC_C_LANGUAGE_STANDARD = gnu11;
				GCC_DYNAMIC_NO_PIC = NO;
				GCC_NO_COMMON_BLOCKS = YES;
				GCC_OPTIMIZATION_LEVEL = 0;
				GCC_PREPROCESSOR_DEFINITIONS = (
					"DEBUG=1",
					"$(inherited)",
				);
				GCC_WARN_64_TO_32_BIT_CONVERSION = YES;
				GCC_WARN_ABOUT_RETURN_TYPE = YES_ERROR;
				GCC_WARN_UNDECLARED_SELECTOR = YES;
				GCC_WARN_UNINITIALIZED_AUTOS = YES_AGGRESSIVE;
				GCC_WARN_UNUSED_FUNCTION = YES;
				GCC_WARN_UNUSED_VARIABLE = YES;
				IPHONEOS_DEPLOYMENT_TARGET = 11.0;
				MTL_ENABLE_DEBUG_INFO = YES;
				ONLY_ACTIVE_ARCH = YES;
				SDKROOT = iphoneos;
				SWIFT_ACTIVE_COMPILATION_CONDITIONS = DEBUG;
				SWIFT_OPTIMIZATION_LEVEL = "-Onone";
			};
			name = Debug;
		};
		848F43E11F52925A001A3063 /* Release */ = {
			isa = XCBuildConfiguration;
			buildSettings = {
				ALWAYS_SEARCH_USER_PATHS = NO;
				CLANG_ANALYZER_NONNULL = YES;
				CLANG_ANALYZER_NUMBER_OBJECT_CONVERSION = YES_AGGRESSIVE;
				CLANG_CXX_LANGUAGE_STANDARD = "gnu++14";
				CLANG_CXX_LIBRARY = "libc++";
				CLANG_ENABLE_MODULES = YES;
				CLANG_ENABLE_OBJC_ARC = YES;
				CLANG_WARN_BLOCK_CAPTURE_AUTORELEASING = YES;
				CLANG_WARN_BOOL_CONVERSION = YES;
				CLANG_WARN_COMMA = YES;
				CLANG_WARN_CONSTANT_CONVERSION = YES;
				CLANG_WARN_DIRECT_OBJC_ISA_USAGE = YES_ERROR;
				CLANG_WARN_DOCUMENTATION_COMMENTS = YES;
				CLANG_WARN_EMPTY_BODY = YES;
				CLANG_WARN_ENUM_CONVERSION = YES;
				CLANG_WARN_INFINITE_RECURSION = YES;
				CLANG_WARN_INT_CONVERSION = YES;
				CLANG_WARN_NON_LITERAL_NULL_CONVERSION = YES;
				CLANG_WARN_OBJC_LITERAL_CONVERSION = YES;
				CLANG_WARN_OBJC_ROOT_CLASS = YES_ERROR;
				CLANG_WARN_RANGE_LOOP_ANALYSIS = YES;
				CLANG_WARN_STRICT_PROTOTYPES = YES;
				CLANG_WARN_SUSPICIOUS_MOVE = YES;
				CLANG_WARN_UNGUARDED_AVAILABILITY = YES_AGGRESSIVE;
				CLANG_WARN_UNREACHABLE_CODE = YES;
				CLANG_WARN__DUPLICATE_METHOD_MATCH = YES;
				CODE_SIGN_IDENTITY = "iPhone Developer";
				COPY_PHASE_STRIP = NO;
				DEBUG_INFORMATION_FORMAT = "dwarf-with-dsym";
				ENABLE_NS_ASSERTIONS = NO;
				ENABLE_STRICT_OBJC_MSGSEND = YES;
				GCC_C_LANGUAGE_STANDARD = gnu11;
				GCC_NO_COMMON_BLOCKS = YES;
				GCC_WARN_64_TO_32_BIT_CONVERSION = YES;
				GCC_WARN_ABOUT_RETURN_TYPE = YES_ERROR;
				GCC_WARN_UNDECLARED_SELECTOR = YES;
				GCC_WARN_UNINITIALIZED_AUTOS = YES_AGGRESSIVE;
				GCC_WARN_UNUSED_FUNCTION = YES;
				GCC_WARN_UNUSED_VARIABLE = YES;
				IPHONEOS_DEPLOYMENT_TARGET = 11.0;
				MTL_ENABLE_DEBUG_INFO = NO;
				SDKROOT = iphoneos;
				SWIFT_OPTIMIZATION_LEVEL = "-Owholemodule";
				VALIDATE_PRODUCT = YES;
			};
			name = Release;
		};
		848F43E31F52925A001A3063 /* Debug */ = {
			isa = XCBuildConfiguration;
			buildSettings = {
				ASSETCATALOG_COMPILER_APPICON_NAME = AppIcon;
				CODE_SIGN_STYLE = Automatic;
				DEVELOPMENT_TEAM = V4K9VFZ6Y7;
				INFOPLIST_FILE = Rx/Info.plist;
				LD_RUNPATH_SEARCH_PATHS = "$(inherited) @executable_path/Frameworks";
				PRODUCT_BUNDLE_IDENTIFIER = com.otbivnoe.Rx;
				PRODUCT_NAME = "$(TARGET_NAME)";
				SWIFT_VERSION = 4.0;
				TARGETED_DEVICE_FAMILY = "1,2";
			};
			name = Debug;
		};
		848F43E41F52925A001A3063 /* Release */ = {
			isa = XCBuildConfiguration;
			buildSettings = {
				ASSETCATALOG_COMPILER_APPICON_NAME = AppIcon;
				CODE_SIGN_STYLE = Automatic;
				DEVELOPMENT_TEAM = V4K9VFZ6Y7;
				INFOPLIST_FILE = Rx/Info.plist;
				LD_RUNPATH_SEARCH_PATHS = "$(inherited) @executable_path/Frameworks";
				PRODUCT_BUNDLE_IDENTIFIER = com.otbivnoe.Rx;
				PRODUCT_NAME = "$(TARGET_NAME)";
				SWIFT_VERSION = 4.0;
				TARGETED_DEVICE_FAMILY = "1,2";
			};
			name = Release;
		};
/* End XCBuildConfiguration section */

/* Begin XCConfigurationList section */
		848F43CB1F52925A001A3063 /* Build configuration list for PBXProject "Rx" */ = {
			isa = XCConfigurationList;
			buildConfigurations = (
				848F43E01F52925A001A3063 /* Debug */,
				848F43E11F52925A001A3063 /* Release */,
			);
			defaultConfigurationIsVisible = 0;
			defaultConfigurationName = Release;
		};
		848F43E21F52925A001A3063 /* Build configuration list for PBXNativeTarget "Rx" */ = {
			isa = XCConfigurationList;
			buildConfigurations = (
				848F43E31F52925A001A3063 /* Debug */,
				848F43E41F52925A001A3063 /* Release */,
			);
			defaultConfigurationIsVisible = 0;
			defaultConfigurationName = Release;
		};
/* End XCConfigurationList section */
	};
	rootObject = 848F43C81F52925A001A3063 /* Project object */;
}
